{
  "name": "narrafirma",
  "version": "1.4.1",
  "lockfileVersion": 1,
  "requires": true,
  "dependencies": {
    "amdrequire": {
      "version": "0.0.3",
      "resolved": "https://registry.npmjs.org/amdrequire/-/amdrequire-0.0.3.tgz",
      "integrity": "sha1-5K9qMm0/FOnNWFTEomuW5Ou0A0w=",
      "dev": true
    },
    "lodash": {
      "version": "4.17.15",
      "resolved": "https://registry.npmjs.org/lodash/-/lodash-4.17.15.tgz",
      "integrity": "sha512-8xOcRHvCjnocdS5cpwXQXVzmmh5e5+saE2QGoeQmbKmRS6J3VQppPOIt0MnmE+4xlZoumy0GPG0D0MVIQbNA1A==",
      "dev": true
    },
    "typescript": {
      "version": "3.9.6",
      "resolved": "https://registry.npmjs.org/typescript/-/typescript-3.9.6.tgz",
      "integrity": "sha512-Pspx3oKAPJtjNwE92YS05HQoY7z2SFyOpHo9MqJor3BXAGNaPUs83CuVp9VISFkSjyRfiTpmKuAYGJB7S7hOxw==",
      "dev": true
    }
  }
}
